
Microsoft Visual Studio Solution File, Format Version 12.00
# Visual Studio Version 17
VisualStudioVersion = 17.0.31717.71
MinimumVisualStudioVersion = 10.0.40219.1
Project("{9A19103F-16F7-4668-BE54-9A1E7A4F7556}") = "app", "app.csproj", "{813EB270-C9DD-41F9-A2AC-5184DBBA5AA9}"
EndProject
Global
	GlobalSection(SolutionConfigurationPlatforms) = preSolution
		Debug|Any CPU = Debug|Any CPU
		Release|Any CPU = Release|Any CPU
	EndGlobalSection
	GlobalSection(ProjectConfigurationPlatforms) = postSolution
		{813EB270-C9DD-41F9-A2AC-5184DBBA5AA9}.Debug|Any CPU.ActiveCfg = Debug|Any CPU
		{813EB270-C9DD-41F9-A2AC-5184DBBA5AA9}.Debug|Any CPU.Build.0 = Debug|Any CPU
		{813EB270-C9DD-41F9-A2AC-5184DBBA5AA9}.Release|Any CPU.ActiveCfg = Release|Any CPU
		{813EB270-C9DD-41F9-A2AC-5184DBBA5AA9}.Release|Any CPU.Build.0 = Release|Any CPU
	EndGlobalSection
	GlobalSection(SolutionProperties) = preSolution
		HideSolutionNode = FALSE
	EndGlobalSection
	GlobalSection(ExtensibilityGlobals) = postSolution
		SolutionGuid = {CB5574C2-0967-4E2D-AB58-5DC902AD51CB}
	EndGlobalSection
EndGlobal